
Microsoft Visual Studio Solution File, Format Version 12.00
# Visual Studio 15
VisualStudioVersion = 15.0.27130.2027
MinimumVisualStudioVersion = 10.0.40219.1
Project("{FAE04EC0-301F-11D3-BF4B-00C04F79EFBC}") = "ScheduleStockManager", "ScheduleStockManager\ScheduleStockManager.csproj", "{69C0526C-7D5E-4DFE-8E64-87EED7551A77}"
EndProject
Global
	GlobalSection(SolutionConfigurationPlatforms) = preSolution
		Debug|Any CPU = Debug|Any CPU
		Release|Any CPU = Release|Any CPU
	EndGlobalSection
	GlobalSection(ProjectConfigurationPlatforms) = postSolution
		{69C0526C-7D5E-4DFE-8E64-87EED7551A77}.Debug|Any CPU.ActiveCfg = Debug|Any CPU
		{69C0526C-7D5E-4DFE-8E64-87EED7551A77}.Debug|Any CPU.Build.0 = Debug|Any CPU
		{69C0526C-7D5E-4DFE-8E64-87EED7551A77}.Release|Any CPU.ActiveCfg = Release|Any CPU
		{69C0526C-7D5E-4DFE-8E64-87EED7551A77}.Release|Any CPU.Build.0 = Release|Any CPU
	EndGlobalSection
	GlobalSection(SolutionProperties) = preSolution
		HideSolutionNode = FALSE
	EndGlobalSection
	GlobalSection(ExtensibilityGlobals) = postSolution
		SolutionGuid = {6C74E72B-DED8-4F84-BD02-F81C3F8EF3DA}
	EndGlobalSection
EndGlobal
